
Microsoft Visual Studio Solution File, Format Version 11.00
# Visual Studio 2010
Project("{FAE04EC0-301F-11D3-BF4B-00C04F79EFBC}") = "Northwind.Data", "Northwind.Data\Northwind.Data.csproj", "{6390BC70-9604-4352-A1C1-99FCBD1569CF}"
EndProject
Project("{FAE04EC0-301F-11D3-BF4B-00C04F79EFBC}") = "Northwind.Application", "Northwind.Application\Northwind.Application.csproj", "{25130EFD-7E71-47DA-A4D6-99EDBA6B8008}"
EndProject
Project("{FAE04EC0-301F-11D3-BF4B-00C04F79EFBC}") = "Northwind.Console", "Northwind.Console\Northwind.Console.csproj", "{31C8365C-1B50-45B0-8785-01BA54E657F2}"
EndProject
Project("{FAE04EC0-301F-11D3-BF4B-00C04F79EFBC}") = "Northwind.ViewModel", "Northwind.ViewModel\Northwind.ViewModel.csproj", "{BFB9FEA5-D674-416C-8B04-06504699C80C}"
EndProject
Project("{FAE04EC0-301F-11D3-BF4B-00C04F79EFBC}") = "Northwind.UI.WPF", "Northwind.UI.WPF\Northwind.UI.WPF.csproj", "{F6E419DD-A8C2-433B-A4B2-27B991594FBA}"
EndProject
Project("{FAE04EC0-301F-11D3-BF4B-00C04F79EFBC}") = "MvvmLight1", "MvvmLight1\MvvmLight1.csproj", "{99D2338E-7B28-437B-A518-D148975D41B1}"
EndProject
Project("{FAE04EC0-301F-11D3-BF4B-00C04F79EFBC}") = "Northwind.Interfaces", "Northwind.Interfaces\Northwind.Interfaces.csproj", "{33FFA657-2577-45B5-A875-7F8131A86360}"
EndProject
Project("{2150E333-8FDC-42A3-9474-1A3956D46DE8}") = "1 Presentation", "1 Presentation", "{E4523C6A-9859-4E03-9178-CC6D5A93C67C}"
EndProject
Project("{2150E333-8FDC-42A3-9474-1A3956D46DE8}") = "2 Application", "2 Application", "{819ED9FC-D136-4C01-B7EB-2628AA8DB73D}"
EndProject
Project("{2150E333-8FDC-42A3-9474-1A3956D46DE8}") = "3 Data", "3 Data", "{C2CDD629-A75A-4DA4-BF00-316B79AD83EA}"
EndProject
Project("{2150E333-8FDC-42A3-9474-1A3956D46DE8}") = "Libraries", "Libraries", "{5498708E-C427-4B82-8EE6-8A093FB9C941}"
	ProjectSection(SolutionItems) = preProject
		Libraries\Ninject.dll = Libraries\Ninject.dll
	EndProjectSection
EndProject
Global
	GlobalSection(SolutionConfigurationPlatforms) = preSolution
		Debug|Any CPU = Debug|Any CPU
		Debug|Mixed Platforms = Debug|Mixed Platforms
		Debug|x86 = Debug|x86
		Release|Any CPU = Release|Any CPU
		Release|Mixed Platforms = Release|Mixed Platforms
		Release|x86 = Release|x86
	EndGlobalSection
	GlobalSection(ProjectConfigurationPlatforms) = postSolution
		{6390BC70-9604-4352-A1C1-99FCBD1569CF}.Debug|Any CPU.ActiveCfg = Debug|Any CPU
		{6390BC70-9604-4352-A1C1-99FCBD1569CF}.Debug|Any CPU.Build.0 = Debug|Any CPU
		{6390BC70-9604-4352-A1C1-99FCBD1569CF}.Debug|Mixed Platforms.ActiveCfg = Debug|Any CPU
		{6390BC70-9604-4352-A1C1-99FCBD1569CF}.Debug|Mixed Platforms.Build.0 = Debug|Any CPU
		{6390BC70-9604-4352-A1C1-99FCBD1569CF}.Debug|x86.ActiveCfg = Debug|Any CPU
		{6390BC70-9604-4352-A1C1-99FCBD1569CF}.Release|Any CPU.ActiveCfg = Release|Any CPU
		{6390BC70-9604-4352-A1C1-99FCBD1569CF}.Release|Any CPU.Build.0 = Release|Any CPU
		{6390BC70-9604-4352-A1C1-99FCBD1569CF}.Release|Mixed Platforms.ActiveCfg = Release|Any CPU
		{6390BC70-9604-4352-A1C1-99FCBD1569CF}.Release|Mixed Platforms.Build.0 = Release|Any CPU
		{6390BC70-9604-4352-A1C1-99FCBD1569CF}.Release|x86.ActiveCfg = Release|Any CPU
		{25130EFD-7E71-47DA-A4D6-99EDBA6B8008}.Debug|Any CPU.ActiveCfg = Debug|Any CPU
		{25130EFD-7E71-47DA-A4D6-99EDBA6B8008}.Debug|Any CPU.Build.0 = Debug|Any CPU
		{25130EFD-7E71-47DA-A4D6-99EDBA6B8008}.Debug|Mixed Platforms.ActiveCfg = Debug|Any CPU
		{25130EFD-7E71-47DA-A4D6-99EDBA6B8008}.Debug|Mixed Platforms.Build.0 = Debug|Any CPU
		{25130EFD-7E71-47DA-A4D6-99EDBA6B8008}.Debug|x86.ActiveCfg = Debug|Any CPU
		{25130EFD-7E71-47DA-A4D6-99EDBA6B8008}.Release|Any CPU.ActiveCfg = Release|Any CPU
		{25130EFD-7E71-47DA-A4D6-99EDBA6B8008}.Release|Any CPU.Build.0 = Release|Any CPU
		{25130EFD-7E71-47DA-A4D6-99EDBA6B8008}.Release|Mixed Platforms.ActiveCfg = Release|Any CPU
		{25130EFD-7E71-47DA-A4D6-99EDBA6B8008}.Release|Mixed Platforms.Build.0 = Release|Any CPU
		{25130EFD-7E71-47DA-A4D6-99EDBA6B8008}.Release|x86.ActiveCfg = Release|Any CPU
		{31C8365C-1B50-45B0-8785-01BA54E657F2}.Debug|Any CPU.ActiveCfg = Debug|x86
		{31C8365C-1B50-45B0-8785-01BA54E657F2}.Debug|Mixed Platforms.ActiveCfg = Debug|x86
		{31C8365C-1B50-45B0-8785-01BA54E657F2}.Debug|Mixed Platforms.Build.0 = Debug|x86
		{31C8365C-1B50-45B0-8785-01BA54E657F2}.Debug|x86.ActiveCfg = Debug|x86
		{31C8365C-1B50-45B0-8785-01BA54E657F2}.Debug|x86.Build.0 = Debug|x86
		{31C8365C-1B50-45B0-8785-01BA54E657F2}.Release|Any CPU.ActiveCfg = Release|x86
		{31C8365C-1B50-45B0-8785-01BA54E657F2}.Release|Mixed Platforms.ActiveCfg = Release|x86
		{31C8365C-1B50-45B0-8785-01BA54E657F2}.Release|Mixed Platforms.Build.0 = Release|x86
		{31C8365C-1B50-45B0-8785-01BA54E657F2}.Release|x86.ActiveCfg = Release|x86
		{31C8365C-1B50-45B0-8785-01BA54E657F2}.Release|x86.Build.0 = Release|x86
		{BFB9FEA5-D674-416C-8B04-06504699C80C}.Debug|Any CPU.ActiveCfg = Debug|Any CPU
		{BFB9FEA5-D674-416C-8B04-06504699C80C}.Debug|Any CPU.Build.0 = Debug|Any CPU
		{BFB9FEA5-D674-416C-8B04-06504699C80C}.Debug|Mixed Platforms.ActiveCfg = Debug|Any CPU
		{BFB9FEA5-D674-416C-8B04-06504699C80C}.Debug|Mixed Platforms.Build.0 = Debug|Any CPU
		{BFB9FEA5-D674-416C-8B04-06504699C80C}.Debug|x86.ActiveCfg = Debug|Any CPU
		{BFB9FEA5-D674-416C-8B04-06504699C80C}.Release|Any CPU.ActiveCfg = Release|Any CPU
		{BFB9FEA5-D674-416C-8B04-06504699C80C}.Release|Any CPU.Build.0 = Release|Any CPU
		{BFB9FEA5-D674-416C-8B04-06504699C80C}.Release|Mixed Platforms.ActiveCfg = Release|Any CPU
		{BFB9FEA5-D674-416C-8B04-06504699C80C}.Release|Mixed Platforms.Build.0 = Release|Any CPU
		{BFB9FEA5-D674-416C-8B04-06504699C80C}.Release|x86.ActiveCfg = Release|Any CPU
		{F6E419DD-A8C2-433B-A4B2-27B991594FBA}.Debug|Any CPU.ActiveCfg = Debug|Any CPU
		{F6E419DD-A8C2-433B-A4B2-27B991594FBA}.Debug|Any CPU.Build.0 = Debug|Any CPU
		{F6E419DD-A8C2-433B-A4B2-27B991594FBA}.Debug|Mixed Platforms.ActiveCfg = Debug|Any CPU
		{F6E419DD-A8C2-433B-A4B2-27B991594FBA}.Debug|Mixed Platforms.Build.0 = Debug|Any CPU
		{F6E419DD-A8C2-433B-A4B2-27B991594FBA}.Debug|x86.ActiveCfg = Debug|Any CPU
		{F6E419DD-A8C2-433B-A4B2-27B991594FBA}.Release|Any CPU.ActiveCfg = Release|Any CPU
		{F6E419DD-A8C2-433B-A4B2-27B991594FBA}.Release|Any CPU.Build.0 = Release|Any CPU
		{F6E419DD-A8C2-433B-A4B2-27B991594FBA}.Release|Mixed Platforms.ActiveCfg = Release|Any CPU
		{F6E419DD-A8C2-433B-A4B2-27B991594FBA}.Release|Mixed Platforms.Build.0 = Release|Any CPU
		{F6E419DD-A8C2-433B-A4B2-27B991594FBA}.Release|x86.ActiveCfg = Release|Any CPU
		{99D2338E-7B28-437B-A518-D148975D41B1}.Debug|Any CPU.ActiveCfg = Debug|Any CPU
		{99D2338E-7B28-437B-A518-D148975D41B1}.Debug|Any CPU.Build.0 = Debug|Any CPU
		{99D2338E-7B28-437B-A518-D148975D41B1}.Debug|Mixed Platforms.ActiveCfg = Debug|Any CPU
		{99D2338E-7B28-437B-A518-D148975D41B1}.Debug|Mixed Platforms.Build.0 = Debug|Any CPU
		{99D2338E-7B28-437B-A518-D148975D41B1}.Debug|x86.ActiveCfg = Debug|Any CPU
		{99D2338E-7B28-437B-A518-D148975D41B1}.Release|Any CPU.ActiveCfg = Release|Any CPU
		{99D2338E-7B28-437B-A518-D148975D41B1}.Release|Any CPU.Build.0 = Release|Any CPU
		{99D2338E-7B28-437B-A518-D148975D41B1}.Release|Mixed Platforms.ActiveCfg = Release|Any CPU
		{99D2338E-7B28-437B-A518-D148975D41B1}.Release|Mixed Platforms.Build.0 = Release|Any CPU
		{99D2338E-7B28-437B-A518-D148975D41B1}.Release|x86.ActiveCfg = Release|Any CPU
		{33FFA657-2577-45B5-A875-7F8131A86360}.Debug|Any CPU.ActiveCfg = Debug|Any CPU
		{33FFA657-2577-45B5-A875-7F8131A86360}.Debug|Any CPU.Build.0 = Debug|Any CPU
		{33FFA657-2577-45B5-A875-7F8131A86360}.Debug|Mixed Platforms.ActiveCfg = Debug|Any CPU
		{33FFA657-2577-45B5-A875-7F8131A86360}.Debug|Mixed Platforms.Build.0 = Debug|Any CPU
		{33FFA657-2577-45B5-A875-7F8131A86360}.Debug|x86.ActiveCfg = Debug|Any CPU
		{33FFA657-2577-45B5-A875-7F8131A86360}.Release|Any CPU.ActiveCfg = Release|Any CPU
		{33FFA657-2577-45B5-A875-7F8131A86360}.Release|Any CPU.Build.0 = Release|Any CPU
		{33FFA657-2577-45B5-A875-7F8131A86360}.Release|Mixed Platforms.ActiveCfg = Release|Any CPU
		{33FFA657-2577-45B5-A875-7F8131A86360}.Release|Mixed Platforms.Build.0 = Release|Any CPU
		{33FFA657-2577-45B5-A875-7F8131A86360}.Release|x86.ActiveCfg = Release|Any CPU
	EndGlobalSection
	GlobalSection(SolutionProperties) = preSolution
		HideSolutionNode = FALSE
	EndGlobalSection
	GlobalSection(NestedProjects) = preSolution
		{6390BC70-9604-4352-A1C1-99FCBD1569CF} = {C2CDD629-A75A-4DA4-BF00-316B79AD83EA}
		{25130EFD-7E71-47DA-A4D6-99EDBA6B8008} = {819ED9FC-D136-4C01-B7EB-2628AA8DB73D}
		{BFB9FEA5-D674-416C-8B04-06504699C80C} = {E4523C6A-9859-4E03-9178-CC6D5A93C67C}
		{F6E419DD-A8C2-433B-A4B2-27B991594FBA} = {E4523C6A-9859-4E03-9178-CC6D5A93C67C}
		{31C8365C-1B50-45B0-8785-01BA54E657F2} = {E4523C6A-9859-4E03-9178-CC6D5A93C67C}
	EndGlobalSection
EndGlobal
