
Microsoft Visual Studio Solution File, Format Version 11.00
# Visual Studio 2010
Project("{FAE04EC0-301F-11D3-BF4B-00C04F79EFBC}") = "Northwind.Data", "Northwind.Data\Northwind.Data.csproj", "{6390BC70-9604-4352-A1C1-99FCBD1569CF}"
EndProject
Project("{FAE04EC0-301F-11D3-BF4B-00C04F79EFBC}") = "Northwind.Application", "Northwind.Application\Northwind.Application.csproj", "{25130EFD-7E71-47DA-A4D6-99EDBA6B8008}"
EndProject
Project("{FAE04EC0-301F-11D3-BF4B-00C04F79EFBC}") = "Northwind.Console", "Northwind.Console\Northwind.Console.csproj", "{31C8365C-1B50-45B0-8785-01BA54E657F2}"
EndProject
Project("{FAE04EC0-301F-11D3-BF4B-00C04F79EFBC}") = "Northwind.ViewModel", "Northwind.ViewModel\Northwind.ViewModel.csproj", "{BFB9FEA5-D674-416C-8B04-06504699C80C}"
EndProject
Project("{FAE04EC0-301F-11D3-BF4B-00C04F79EFBC}") = "Northwind.UI.WPF", "Northwind.UI.WPF\Northwind.UI.WPF.csproj", "{F6E419DD-A8C2-433B-A4B2-27B991594FBA}"
EndProject
Project("{FAE04EC0-301F-11D3-BF4B-00C04F79EFBC}") = "Northwind.Interfaces", "Northwind.Interfaces\Northwind.Interfaces.csproj", "{33FFA657-2577-45B5-A875-7F8131A86360}"
EndProject
Project("{2150E333-8FDC-42A3-9474-1A3956D46DE8}") = "1 Presentation", "1 Presentation", "{E4523C6A-9859-4E03-9178-CC6D5A93C67C}"
EndProject
Project("{2150E333-8FDC-42A3-9474-1A3956D46DE8}") = "2 Application", "2 Application", "{819ED9FC-D136-4C01-B7EB-2628AA8DB73D}"
EndProject
Project("{2150E333-8FDC-42A3-9474-1A3956D46DE8}") = "3 Data", "3 Data", "{C2CDD629-A75A-4DA4-BF00-316B79AD83EA}"
EndProject
Project("{2150E333-8FDC-42A3-9474-1A3956D46DE8}") = "Libraries", "Libraries", "{5498708E-C427-4B82-8EE6-8A093FB9C941}"
	ProjectSection(SolutionItems) = preProject
		Libraries\Ninject.dll = Libraries\Ninject.dll
	EndProjectSection
EndProject
Project("{FAE04EC0-301F-11D3-BF4B-00C04F79EFBC}") = "Northwind.UI.SilverLight", "Silverlight\1 Presentation\Northwind.UI.SilverLight\Northwind.UI.SilverLight.csproj", "{9F8E8825-3982-4A86-829E-CC4E8CD79ABB}"
EndProject
Project("{2150E333-8FDC-42A3-9474-1A3956D46DE8}") = "Desktop", "Desktop", "{3702CD3D-3B17-431C-9806-D5C5458631CE}"
EndProject
Project("{2150E333-8FDC-42A3-9474-1A3956D46DE8}") = "Silverlight", "Silverlight", "{FB02FE9A-3576-406A-A3A2-26EFD0A12895}"
EndProject
Project("{2150E333-8FDC-42A3-9474-1A3956D46DE8}") = "1 Presentation", "1 Presentation", "{30B6B2CA-19A3-4633-B4BF-98F2ED21F502}"
EndProject
Project("{2150E333-8FDC-42A3-9474-1A3956D46DE8}") = "2 Application", "2 Application", "{80312179-5D45-41E7-A765-35910411D3B6}"
EndProject
Project("{2150E333-8FDC-42A3-9474-1A3956D46DE8}") = "3 Data", "3 Data", "{3139EB39-924B-493B-B9AD-F84609B8849E}"
EndProject
Project("{2150E333-8FDC-42A3-9474-1A3956D46DE8}") = "Libraries", "Libraries", "{E4FA9A65-C22A-40F1-AEFC-D31542133A86}"
	ProjectSection(SolutionItems) = preProject
		Silverlight\Libraries\Ninject.dll = Silverlight\Libraries\Ninject.dll
	EndProjectSection
EndProject
Project("{FAE04EC0-301F-11D3-BF4B-00C04F79EFBC}") = "Northwind.Data.Silverlight", "Silverlight\Northwind.Data.Silverlight\Northwind.Data.Silverlight.csproj", "{A87D8E2D-57EC-46ED-89DF-4319F8F0700A}"
EndProject
Project("{FAE04EC0-301F-11D3-BF4B-00C04F79EFBC}") = "Northwind.Interfaces.Silverlight", "Silverlight\Northwind.Interfaces.Silverlight\Northwind.Interfaces.Silverlight.csproj", "{3591F47C-3082-4177-A281-E1A1E4B166A8}"
EndProject
Project("{FAE04EC0-301F-11D3-BF4B-00C04F79EFBC}") = "Northwind.Application.Silverlight", "Silverlight\Northwind.Application.Silverlight\Northwind.Application.Silverlight.csproj", "{73321F30-A2BA-482F-91ED-D4E6E92AC1DC}"
EndProject
Project("{FAE04EC0-301F-11D3-BF4B-00C04F79EFBC}") = "Northwind.ViewModel.Silverlight", "Silverlight\Northwind.ViewModel.Silverlight\Northwind.ViewModel.Silverlight.csproj", "{CEDE4C21-6D06-48CF-816B-D170E7D8E1F8}"
EndProject
Global
	GlobalSection(SolutionConfigurationPlatforms) = preSolution
		Debug|Any CPU = Debug|Any CPU
		Debug|Mixed Platforms = Debug|Mixed Platforms
		Debug|x86 = Debug|x86
		Release|Any CPU = Release|Any CPU
		Release|Mixed Platforms = Release|Mixed Platforms
		Release|x86 = Release|x86
	EndGlobalSection
	GlobalSection(ProjectConfigurationPlatforms) = postSolution
		{6390BC70-9604-4352-A1C1-99FCBD1569CF}.Debug|Any CPU.ActiveCfg = Debug|Any CPU
		{6390BC70-9604-4352-A1C1-99FCBD1569CF}.Debug|Any CPU.Build.0 = Debug|Any CPU
		{6390BC70-9604-4352-A1C1-99FCBD1569CF}.Debug|Mixed Platforms.ActiveCfg = Debug|Any CPU
		{6390BC70-9604-4352-A1C1-99FCBD1569CF}.Debug|Mixed Platforms.Build.0 = Debug|Any CPU
		{6390BC70-9604-4352-A1C1-99FCBD1569CF}.Debug|x86.ActiveCfg = Debug|Any CPU
		{6390BC70-9604-4352-A1C1-99FCBD1569CF}.Release|Any CPU.ActiveCfg = Release|Any CPU
		{6390BC70-9604-4352-A1C1-99FCBD1569CF}.Release|Any CPU.Build.0 = Release|Any CPU
		{6390BC70-9604-4352-A1C1-99FCBD1569CF}.Release|Mixed Platforms.ActiveCfg = Release|Any CPU
		{6390BC70-9604-4352-A1C1-99FCBD1569CF}.Release|Mixed Platforms.Build.0 = Release|Any CPU
		{6390BC70-9604-4352-A1C1-99FCBD1569CF}.Release|x86.ActiveCfg = Release|Any CPU
		{25130EFD-7E71-47DA-A4D6-99EDBA6B8008}.Debug|Any CPU.ActiveCfg = Debug|Any CPU
		{25130EFD-7E71-47DA-A4D6-99EDBA6B8008}.Debug|Any CPU.Build.0 = Debug|Any CPU
		{25130EFD-7E71-47DA-A4D6-99EDBA6B8008}.Debug|Mixed Platforms.ActiveCfg = Debug|Any CPU
		{25130EFD-7E71-47DA-A4D6-99EDBA6B8008}.Debug|Mixed Platforms.Build.0 = Debug|Any CPU
		{25130EFD-7E71-47DA-A4D6-99EDBA6B8008}.Debug|x86.ActiveCfg = Debug|Any CPU
		{25130EFD-7E71-47DA-A4D6-99EDBA6B8008}.Release|Any CPU.ActiveCfg = Release|Any CPU
		{25130EFD-7E71-47DA-A4D6-99EDBA6B8008}.Release|Any CPU.Build.0 = Release|Any CPU
		{25130EFD-7E71-47DA-A4D6-99EDBA6B8008}.Release|Mixed Platforms.ActiveCfg = Release|Any CPU
		{25130EFD-7E71-47DA-A4D6-99EDBA6B8008}.Release|Mixed Platforms.Build.0 = Release|Any CPU
		{25130EFD-7E71-47DA-A4D6-99EDBA6B8008}.Release|x86.ActiveCfg = Release|Any CPU
		{31C8365C-1B50-45B0-8785-01BA54E657F2}.Debug|Any CPU.ActiveCfg = Debug|x86
		{31C8365C-1B50-45B0-8785-01BA54E657F2}.Debug|Mixed Platforms.ActiveCfg = Debug|x86
		{31C8365C-1B50-45B0-8785-01BA54E657F2}.Debug|Mixed Platforms.Build.0 = Debug|x86
		{31C8365C-1B50-45B0-8785-01BA54E657F2}.Debug|x86.ActiveCfg = Debug|x86
		{31C8365C-1B50-45B0-8785-01BA54E657F2}.Debug|x86.Build.0 = Debug|x86
		{31C8365C-1B50-45B0-8785-01BA54E657F2}.Release|Any CPU.ActiveCfg = Release|x86
		{31C8365C-1B50-45B0-8785-01BA54E657F2}.Release|Mixed Platforms.ActiveCfg = Release|x86
		{31C8365C-1B50-45B0-8785-01BA54E657F2}.Release|Mixed Platforms.Build.0 = Release|x86
		{31C8365C-1B50-45B0-8785-01BA54E657F2}.Release|x86.ActiveCfg = Release|x86
		{31C8365C-1B50-45B0-8785-01BA54E657F2}.Release|x86.Build.0 = Release|x86
		{BFB9FEA5-D674-416C-8B04-06504699C80C}.Debug|Any CPU.ActiveCfg = Debug|Any CPU
		{BFB9FEA5-D674-416C-8B04-06504699C80C}.Debug|Any CPU.Build.0 = Debug|Any CPU
		{BFB9FEA5-D674-416C-8B04-06504699C80C}.Debug|Mixed Platforms.ActiveCfg = Debug|Any CPU
		{BFB9FEA5-D674-416C-8B04-06504699C80C}.Debug|Mixed Platforms.Build.0 = Debug|Any CPU
		{BFB9FEA5-D674-416C-8B04-06504699C80C}.Debug|x86.ActiveCfg = Debug|Any CPU
		{BFB9FEA5-D674-416C-8B04-06504699C80C}.Release|Any CPU.ActiveCfg = Release|Any CPU
		{BFB9FEA5-D674-416C-8B04-06504699C80C}.Release|Any CPU.Build.0 = Release|Any CPU
		{BFB9FEA5-D674-416C-8B04-06504699C80C}.Release|Mixed Platforms.ActiveCfg = Release|Any CPU
		{BFB9FEA5-D674-416C-8B04-06504699C80C}.Release|Mixed Platforms.Build.0 = Release|Any CPU
		{BFB9FEA5-D674-416C-8B04-06504699C80C}.Release|x86.ActiveCfg = Release|Any CPU
		{F6E419DD-A8C2-433B-A4B2-27B991594FBA}.Debug|Any CPU.ActiveCfg = Debug|Any CPU
		{F6E419DD-A8C2-433B-A4B2-27B991594FBA}.Debug|Any CPU.Build.0 = Debug|Any CPU
		{F6E419DD-A8C2-433B-A4B2-27B991594FBA}.Debug|Mixed Platforms.ActiveCfg = Debug|Any CPU
		{F6E419DD-A8C2-433B-A4B2-27B991594FBA}.Debug|Mixed Platforms.Build.0 = Debug|Any CPU
		{F6E419DD-A8C2-433B-A4B2-27B991594FBA}.Debug|x86.ActiveCfg = Debug|Any CPU
		{F6E419DD-A8C2-433B-A4B2-27B991594FBA}.Release|Any CPU.ActiveCfg = Release|Any CPU
		{F6E419DD-A8C2-433B-A4B2-27B991594FBA}.Release|Any CPU.Build.0 = Release|Any CPU
		{F6E419DD-A8C2-433B-A4B2-27B991594FBA}.Release|Mixed Platforms.ActiveCfg = Release|Any CPU
		{F6E419DD-A8C2-433B-A4B2-27B991594FBA}.Release|Mixed Platforms.Build.0 = Release|Any CPU
		{F6E419DD-A8C2-433B-A4B2-27B991594FBA}.Release|x86.ActiveCfg = Release|Any CPU
		{33FFA657-2577-45B5-A875-7F8131A86360}.Debug|Any CPU.ActiveCfg = Debug|Any CPU
		{33FFA657-2577-45B5-A875-7F8131A86360}.Debug|Any CPU.Build.0 = Debug|Any CPU
		{33FFA657-2577-45B5-A875-7F8131A86360}.Debug|Mixed Platforms.ActiveCfg = Debug|Any CPU
		{33FFA657-2577-45B5-A875-7F8131A86360}.Debug|Mixed Platforms.Build.0 = Debug|Any CPU
		{33FFA657-2577-45B5-A875-7F8131A86360}.Debug|x86.ActiveCfg = Debug|Any CPU
		{33FFA657-2577-45B5-A875-7F8131A86360}.Release|Any CPU.ActiveCfg = Release|Any CPU
		{33FFA657-2577-45B5-A875-7F8131A86360}.Release|Any CPU.Build.0 = Release|Any CPU
		{33FFA657-2577-45B5-A875-7F8131A86360}.Release|Mixed Platforms.ActiveCfg = Release|Any CPU
		{33FFA657-2577-45B5-A875-7F8131A86360}.Release|Mixed Platforms.Build.0 = Release|Any CPU
		{33FFA657-2577-45B5-A875-7F8131A86360}.Release|x86.ActiveCfg = Release|Any CPU
		{9F8E8825-3982-4A86-829E-CC4E8CD79ABB}.Debug|Any CPU.ActiveCfg = Debug|Any CPU
		{9F8E8825-3982-4A86-829E-CC4E8CD79ABB}.Debug|Any CPU.Build.0 = Debug|Any CPU
		{9F8E8825-3982-4A86-829E-CC4E8CD79ABB}.Debug|Mixed Platforms.ActiveCfg = Debug|Any CPU
		{9F8E8825-3982-4A86-829E-CC4E8CD79ABB}.Debug|Mixed Platforms.Build.0 = Debug|Any CPU
		{9F8E8825-3982-4A86-829E-CC4E8CD79ABB}.Debug|x86.ActiveCfg = Debug|Any CPU
		{9F8E8825-3982-4A86-829E-CC4E8CD79ABB}.Release|Any CPU.ActiveCfg = Release|Any CPU
		{9F8E8825-3982-4A86-829E-CC4E8CD79ABB}.Release|Any CPU.Build.0 = Release|Any CPU
		{9F8E8825-3982-4A86-829E-CC4E8CD79ABB}.Release|Mixed Platforms.ActiveCfg = Release|Any CPU
		{9F8E8825-3982-4A86-829E-CC4E8CD79ABB}.Release|Mixed Platforms.Build.0 = Release|Any CPU
		{9F8E8825-3982-4A86-829E-CC4E8CD79ABB}.Release|x86.ActiveCfg = Release|Any CPU
		{A87D8E2D-57EC-46ED-89DF-4319F8F0700A}.Debug|Any CPU.ActiveCfg = Debug|Any CPU
		{A87D8E2D-57EC-46ED-89DF-4319F8F0700A}.Debug|Any CPU.Build.0 = Debug|Any CPU
		{A87D8E2D-57EC-46ED-89DF-4319F8F0700A}.Debug|Mixed Platforms.ActiveCfg = Debug|Any CPU
		{A87D8E2D-57EC-46ED-89DF-4319F8F0700A}.Debug|Mixed Platforms.Build.0 = Debug|Any CPU
		{A87D8E2D-57EC-46ED-89DF-4319F8F0700A}.Debug|x86.ActiveCfg = Debug|Any CPU
		{A87D8E2D-57EC-46ED-89DF-4319F8F0700A}.Release|Any CPU.ActiveCfg = Release|Any CPU
		{A87D8E2D-57EC-46ED-89DF-4319F8F0700A}.Release|Any CPU.Build.0 = Release|Any CPU
		{A87D8E2D-57EC-46ED-89DF-4319F8F0700A}.Release|Mixed Platforms.ActiveCfg = Release|Any CPU
		{A87D8E2D-57EC-46ED-89DF-4319F8F0700A}.Release|Mixed Platforms.Build.0 = Release|Any CPU
		{A87D8E2D-57EC-46ED-89DF-4319F8F0700A}.Release|x86.ActiveCfg = Release|Any CPU
		{3591F47C-3082-4177-A281-E1A1E4B166A8}.Debug|Any CPU.ActiveCfg = Debug|Any CPU
		{3591F47C-3082-4177-A281-E1A1E4B166A8}.Debug|Any CPU.Build.0 = Debug|Any CPU
		{3591F47C-3082-4177-A281-E1A1E4B166A8}.Debug|Mixed Platforms.ActiveCfg = Debug|Any CPU
		{3591F47C-3082-4177-A281-E1A1E4B166A8}.Debug|Mixed Platforms.Build.0 = Debug|Any CPU
		{3591F47C-3082-4177-A281-E1A1E4B166A8}.Debug|x86.ActiveCfg = Debug|Any CPU
		{3591F47C-3082-4177-A281-E1A1E4B166A8}.Release|Any CPU.ActiveCfg = Release|Any CPU
		{3591F47C-3082-4177-A281-E1A1E4B166A8}.Release|Any CPU.Build.0 = Release|Any CPU
		{3591F47C-3082-4177-A281-E1A1E4B166A8}.Release|Mixed Platforms.ActiveCfg = Release|Any CPU
		{3591F47C-3082-4177-A281-E1A1E4B166A8}.Release|Mixed Platforms.Build.0 = Release|Any CPU
		{3591F47C-3082-4177-A281-E1A1E4B166A8}.Release|x86.ActiveCfg = Release|Any CPU
		{73321F30-A2BA-482F-91ED-D4E6E92AC1DC}.Debug|Any CPU.ActiveCfg = Debug|Any CPU
		{73321F30-A2BA-482F-91ED-D4E6E92AC1DC}.Debug|Any CPU.Build.0 = Debug|Any CPU
		{73321F30-A2BA-482F-91ED-D4E6E92AC1DC}.Debug|Mixed Platforms.ActiveCfg = Debug|Any CPU
		{73321F30-A2BA-482F-91ED-D4E6E92AC1DC}.Debug|Mixed Platforms.Build.0 = Debug|Any CPU
		{73321F30-A2BA-482F-91ED-D4E6E92AC1DC}.Debug|x86.ActiveCfg = Debug|Any CPU
		{73321F30-A2BA-482F-91ED-D4E6E92AC1DC}.Release|Any CPU.ActiveCfg = Release|Any CPU
		{73321F30-A2BA-482F-91ED-D4E6E92AC1DC}.Release|Any CPU.Build.0 = Release|Any CPU
		{73321F30-A2BA-482F-91ED-D4E6E92AC1DC}.Release|Mixed Platforms.ActiveCfg = Release|Any CPU
		{73321F30-A2BA-482F-91ED-D4E6E92AC1DC}.Release|Mixed Platforms.Build.0 = Release|Any CPU
		{73321F30-A2BA-482F-91ED-D4E6E92AC1DC}.Release|x86.ActiveCfg = Release|Any CPU
		{CEDE4C21-6D06-48CF-816B-D170E7D8E1F8}.Debug|Any CPU.ActiveCfg = Debug|Any CPU
		{CEDE4C21-6D06-48CF-816B-D170E7D8E1F8}.Debug|Any CPU.Build.0 = Debug|Any CPU
		{CEDE4C21-6D06-48CF-816B-D170E7D8E1F8}.Debug|Mixed Platforms.ActiveCfg = Debug|Any CPU
		{CEDE4C21-6D06-48CF-816B-D170E7D8E1F8}.Debug|Mixed Platforms.Build.0 = Debug|Any CPU
		{CEDE4C21-6D06-48CF-816B-D170E7D8E1F8}.Debug|x86.ActiveCfg = Debug|Any CPU
		{CEDE4C21-6D06-48CF-816B-D170E7D8E1F8}.Release|Any CPU.ActiveCfg = Release|Any CPU
		{CEDE4C21-6D06-48CF-816B-D170E7D8E1F8}.Release|Any CPU.Build.0 = Release|Any CPU
		{CEDE4C21-6D06-48CF-816B-D170E7D8E1F8}.Release|Mixed Platforms.ActiveCfg = Release|Any CPU
		{CEDE4C21-6D06-48CF-816B-D170E7D8E1F8}.Release|Mixed Platforms.Build.0 = Release|Any CPU
		{CEDE4C21-6D06-48CF-816B-D170E7D8E1F8}.Release|x86.ActiveCfg = Release|Any CPU
	EndGlobalSection
	GlobalSection(SolutionProperties) = preSolution
		HideSolutionNode = FALSE
	EndGlobalSection
	GlobalSection(NestedProjects) = preSolution
		{819ED9FC-D136-4C01-B7EB-2628AA8DB73D} = {3702CD3D-3B17-431C-9806-D5C5458631CE}
		{E4523C6A-9859-4E03-9178-CC6D5A93C67C} = {3702CD3D-3B17-431C-9806-D5C5458631CE}
		{33FFA657-2577-45B5-A875-7F8131A86360} = {3702CD3D-3B17-431C-9806-D5C5458631CE}
		{C2CDD629-A75A-4DA4-BF00-316B79AD83EA} = {3702CD3D-3B17-431C-9806-D5C5458631CE}
		{5498708E-C427-4B82-8EE6-8A093FB9C941} = {3702CD3D-3B17-431C-9806-D5C5458631CE}
		{25130EFD-7E71-47DA-A4D6-99EDBA6B8008} = {819ED9FC-D136-4C01-B7EB-2628AA8DB73D}
		{BFB9FEA5-D674-416C-8B04-06504699C80C} = {E4523C6A-9859-4E03-9178-CC6D5A93C67C}
		{F6E419DD-A8C2-433B-A4B2-27B991594FBA} = {E4523C6A-9859-4E03-9178-CC6D5A93C67C}
		{31C8365C-1B50-45B0-8785-01BA54E657F2} = {E4523C6A-9859-4E03-9178-CC6D5A93C67C}
		{6390BC70-9604-4352-A1C1-99FCBD1569CF} = {C2CDD629-A75A-4DA4-BF00-316B79AD83EA}
		{30B6B2CA-19A3-4633-B4BF-98F2ED21F502} = {FB02FE9A-3576-406A-A3A2-26EFD0A12895}
		{80312179-5D45-41E7-A765-35910411D3B6} = {FB02FE9A-3576-406A-A3A2-26EFD0A12895}
		{3139EB39-924B-493B-B9AD-F84609B8849E} = {FB02FE9A-3576-406A-A3A2-26EFD0A12895}
		{E4FA9A65-C22A-40F1-AEFC-D31542133A86} = {FB02FE9A-3576-406A-A3A2-26EFD0A12895}
		{3591F47C-3082-4177-A281-E1A1E4B166A8} = {FB02FE9A-3576-406A-A3A2-26EFD0A12895}
		{9F8E8825-3982-4A86-829E-CC4E8CD79ABB} = {30B6B2CA-19A3-4633-B4BF-98F2ED21F502}
		{CEDE4C21-6D06-48CF-816B-D170E7D8E1F8} = {30B6B2CA-19A3-4633-B4BF-98F2ED21F502}
		{73321F30-A2BA-482F-91ED-D4E6E92AC1DC} = {80312179-5D45-41E7-A765-35910411D3B6}
		{A87D8E2D-57EC-46ED-89DF-4319F8F0700A} = {3139EB39-924B-493B-B9AD-F84609B8849E}
	EndGlobalSection
EndGlobal
